
Microsoft Visual Studio Solution File, Format Version 12.00
# Visual Studio Version 16
VisualStudioVersion = 16.0.30907.101
MinimumVisualStudioVersion = 10.0.40219.1
Project("{9A19103F-16F7-4668-BE54-9A1E7A4F7556}") = "YugiohGnd", "YugiohGnd\YugiohGnd.csproj", "{509D8BD9-040A-42D9-AB2C-FF1B03D2E8AA}"
EndProject
Global
	GlobalSection(SolutionConfigurationPlatforms) = preSolution
		Debug|Any CPU = Debug|Any CPU
		Release|Any CPU = Release|Any CPU
	EndGlobalSection
	GlobalSection(ProjectConfigurationPlatforms) = postSolution
		{509D8BD9-040A-42D9-AB2C-FF1B03D2E8AA}.Debug|Any CPU.ActiveCfg = Debug|Any CPU
		{509D8BD9-040A-42D9-AB2C-FF1B03D2E8AA}.Debug|Any CPU.Build.0 = Debug|Any CPU
		{509D8BD9-040A-42D9-AB2C-FF1B03D2E8AA}.Release|Any CPU.ActiveCfg = Release|Any CPU
		{509D8BD9-040A-42D9-AB2C-FF1B03D2E8AA}.Release|Any CPU.Build.0 = Release|Any CPU
	EndGlobalSection
	GlobalSection(SolutionProperties) = preSolution
		HideSolutionNode = FALSE
	EndGlobalSection
	GlobalSection(ExtensibilityGlobals) = postSolution
		SolutionGuid = {8FD26F47-6B66-4590-AAA4-57765F8B26FF}
	EndGlobalSection
EndGlobal
